{
  "name": "mr-swiss-chesse",
  "version": "1.0.0",
  "lockfileVersion": 1,
  "requires": true,
  "dependencies": {
    "@types/node": {
      "version": "16.4.10",
      "resolved": "https://registry.npmjs.org/@types/node/-/node-16.4.10.tgz",
      "integrity": "sha512-TmVHsm43br64js9BqHWqiDZA+xMtbUpI1MBIA0EyiBmoV9pcEYFOSdj5fr6enZNfh4fChh+AGOLIzGwJnkshyQ=="
    },
    "@types/webidl-conversions": {
      "version": "6.1.1",
      "resolved": "https://registry.npmjs.org/@types/webidl-conversions/-/webidl-conversions-6.1.1.tgz",
      "integrity": "sha512-XAahCdThVuCFDQLT7R7Pk/vqeObFNL3YqRyFZg+AqAP/W1/w3xHaIxuW7WszQqTbIBOPRcItYJIou3i/mppu3Q=="
    },
    "@types/whatwg-url": {
      "version": "8.2.1",
      "resolved": "https://registry.npmjs.org/@types/whatwg-url/-/whatwg-url-8.2.1.tgz",
      "integrity": "sha512-2YubE1sjj5ifxievI5Ge1sckb9k/Er66HyR2c+3+I6VDUUg1TLPdYYTEbQ+DjRkS4nTxMJhgWfSfMRD2sl2EYQ==",
      "requires": {
        "@types/node": "*",
        "@types/webidl-conversions": "*"
      }
    },
    "abort-controller": {
      "version": "3.0.0",
      "resolved": "https://artifactory.asia.axa-cloud.com/artifactory/api/npm/virtual_axa-sg_virtual-axa-sg-npm/abort-controller/-/abort-controller-3.0.0.tgz",
      "integrity": "sha1-6vVNU7YrrkE46AnKIlyEOabvs5I=",
      "requires": {
        "event-target-shim": "^5.0.0"
      }
    },
    "axios": {
      "version": "0.21.1",
      "resolved": "https://artifactory.asia.axa-cloud.com/artifactory/api/npm/virtual_axa-sg_virtual-axa-sg-npm/axios/-/axios-0.21.1.tgz",
      "integrity": "sha1-IlY0gZYvTWvemnbVFu8OXTwJsrg=",
      "requires": {
        "follow-redirects": "^1.10.0"
      }
    },
    "base64-js": {
      "version": "1.5.1",
      "resolved": "https://registry.npmjs.org/base64-js/-/base64-js-1.5.1.tgz",
      "integrity": "sha512-AKpaYlHn8t4SVbOHCy+b5+KKgvR4vrsD8vbvrbiQJps7fKDTkjkDry6ji0rUJjC0kzbNePLwzxq8iypo41qeWA=="
    },
    "bson": {
      "version": "4.4.1",
      "resolved": "https://registry.npmjs.org/bson/-/bson-4.4.1.tgz",
      "integrity": "sha512-Uu4OCZa0jouQJCKOk1EmmyqtdWAP5HVLru4lQxTwzJzxT+sJ13lVpEZU/MATDxtHiekWMAL84oQY3Xn1LpJVSg==",
      "requires": {
        "buffer": "^5.6.0"
      }
    },
    "buffer": {
      "version": "5.7.1",
      "resolved": "https://registry.npmjs.org/buffer/-/buffer-5.7.1.tgz",
      "integrity": "sha512-EHcyIPBQ4BSGlvjB16k5KgAJ27CIsHY/2JBmCRReo48y9rQ3MaUzWX3KVlBa4U7MyX02HdVj0K7C3WaB3ju7FQ==",
      "requires": {
        "base64-js": "^1.3.1",
        "ieee754": "^1.1.13"
      }
    },
    "buffer-alloc": {
      "version": "1.2.0",
      "resolved": "https://artifactory.asia.axa-cloud.com/artifactory/api/npm/virtual_axa-sg_virtual-axa-sg-npm/buffer-alloc/-/buffer-alloc-1.2.0.tgz",
      "integrity": "sha1-iQ3ZDZI6hz4I4Q5f1RpX5bfM4Ow=",
      "requires": {
        "buffer-alloc-unsafe": "^1.1.0",
        "buffer-fill": "^1.0.0"
      }
    },
    "buffer-alloc-unsafe": {
      "version": "1.1.0",
      "resolved": "https://artifactory.asia.axa-cloud.com/artifactory/api/npm/virtual_axa-sg_virtual-axa-sg-npm/buffer-alloc-unsafe/-/buffer-alloc-unsafe-1.1.0.tgz",
      "integrity": "sha1-vX3CauKXLQ7aJTvgYdupkjScGfA="
    },
    "buffer-fill": {
      "version": "1.0.0",
      "resolved": "https://artifactory.asia.axa-cloud.com/artifactory/api/npm/virtual_axa-sg_virtual-axa-sg-npm/buffer-fill/-/buffer-fill-1.0.0.tgz",
      "integrity": "sha1-+PeLdniYiO858gXNY39o5wISKyw="
    },
    "cron": {
      "version": "1.8.2",
      "resolved": "https://artifactory.asia.axa-cloud.com/artifactory/api/npm/virtual_axa-sg_virtual-axa-sg-npm/cron/-/cron-1.8.2.tgz",
      "integrity": "sha1-SsXjxVuowWPYTzQHvelGMtqDcM4=",
      "requires": {
        "moment-timezone": "^0.5.x"
      }
    },
    "denque": {
      "version": "1.5.0",
      "resolved": "https://registry.npmjs.org/denque/-/denque-1.5.0.tgz",
      "integrity": "sha512-CYiCSgIF1p6EUByQPlGkKnP1M9g0ZV3qMIrqMqZqdwazygIA/YP2vrbcyl1h/WppKJTdl1F85cXIle+394iDAQ=="
    },
    "dotenv": {
      "version": "10.0.0",
      "resolved": "https://artifactory.asia.axa-cloud.com/artifactory/api/npm/virtual_axa-sg_virtual-axa-sg-npm/dotenv/-/dotenv-10.0.0.tgz",
      "integrity": "sha1-PUInuPuV+BCWzdK2ZlP7LHCFuoE="
    },
    "entities": {
      "version": "2.2.0",
      "resolved": "https://artifactory.asia.axa-cloud.com/artifactory/api/npm/virtual_axa-sg_virtual-axa-sg-npm/entities/-/entities-2.2.0.tgz",
      "integrity": "sha1-CY3JDruD2N/6CJ1VJWs1HTTE2lU="
    },
    "event-target-shim": {
      "version": "5.0.1",
      "resolved": "https://artifactory.asia.axa-cloud.com/artifactory/api/npm/virtual_axa-sg_virtual-axa-sg-npm/event-target-shim/-/event-target-shim-5.0.1.tgz",
      "integrity": "sha1-XU0+vflYPWOlMzzi3rdICrKwV4k="
    },
    "follow-redirects": {
      "version": "1.14.1",
      "resolved": "https://artifactory.asia.axa-cloud.com/artifactory/api/npm/virtual_axa-sg_virtual-axa-sg-npm/follow-redirects/-/follow-redirects-1.14.1.tgz",
      "integrity": "sha1-2RFN7Qoc/dM04WTmZirQK/2R/0M="
    },
    "ieee754": {
      "version": "1.2.1",
      "resolved": "https://registry.npmjs.org/ieee754/-/ieee754-1.2.1.tgz",
      "integrity": "sha512-dcyqhDvX1C46lXZcVqCpK+FtMRQVdIMN6/Df5js2zouUsqG7I6sFxitIC+7KYK29KdXOLHdu9zL4sFnoVQnqaA=="
    },
    "lodash": {
      "version": "4.17.21",
      "resolved": "https://registry.npmjs.org/lodash/-/lodash-4.17.21.tgz",
      "integrity": "sha512-v2kDEe57lecTulaDIuNTPy3Ry4gLGJ6Z1O3vE1krgXZNrsQ+LFTGHVxVjcXPs17LhbZVGedAJv8XZ1tvj5FvSg=="
    },
    "memory-pager": {
      "version": "1.5.0",
      "resolved": "https://registry.npmjs.org/memory-pager/-/memory-pager-1.5.0.tgz",
      "integrity": "sha512-ZS4Bp4r/Zoeq6+NLJpP+0Zzm0pR8whtGPf1XExKLJBAczGMnSi3It14OiNCStjQjM6NU1okjQGSxgEZN8eBYKg==",
      "optional": true
    },
    "minimist": {
      "version": "1.2.5",
      "resolved": "https://artifactory.asia.axa-cloud.com/artifactory/api/npm/virtual_axa-sg_virtual-axa-sg-npm/minimist/-/minimist-1.2.5.tgz",
      "integrity": "sha1-Z9ZgFLZqaoqqDAg8X9WN9OTpdgI="
    },
    "module-alias": {
      "version": "2.2.2",
      "resolved": "https://artifactory.asia.axa-cloud.com/artifactory/api/npm/virtual_axa-sg_virtual-axa-sg-npm/module-alias/-/module-alias-2.2.2.tgz",
      "integrity": "sha1-FRzc7MJOJXOf8KpuUeHFcWl0wOA="
    },
    "moment": {
      "version": "2.29.1",
      "resolved": "https://artifactory.asia.axa-cloud.com/artifactory/api/npm/virtual_axa-sg_virtual-axa-sg-npm/moment/-/moment-2.29.1.tgz",
      "integrity": "sha1-sr52n6MZQL6e7qZGnAdeNQBvo9M="
    },
    "moment-timezone": {
      "version": "0.5.33",
      "resolved": "https://artifactory.asia.axa-cloud.com/artifactory/api/npm/virtual_axa-sg_virtual-axa-sg-npm/moment-timezone/-/moment-timezone-0.5.33.tgz",
      "integrity": "sha1-slL9a7V/NBybWaWrYajlGnO70iw=",
      "requires": {
        "moment": ">= 2.9.0"
      }
    },
    "mongodb": {
      "version": "4.0.1",
      "resolved": "https://registry.npmjs.org/mongodb/-/mongodb-4.0.1.tgz",
      "integrity": "sha512-Ll2YCciRgbFN2jdfSqW1vhxvAcnqu+5ZlrTZNaEg+hZqKREg4xiUV56ZAtTjC02skfoTirHY5jQwtg7mBxqfug==",
      "requires": {
        "bson": "^4.4.0",
        "denque": "^1.5.0",
        "mongodb-connection-string-url": "^1.0.1",
        "saslprep": "^1.0.0"
      }
    },
    "mongodb-connection-string-url": {
      "version": "1.1.0",
      "resolved": "https://registry.npmjs.org/mongodb-connection-string-url/-/mongodb-connection-string-url-1.1.0.tgz",
      "integrity": "sha512-g0Qaj4AzIaktWKBkfjMjwzvBzZQN1mtb2DVOTbjdvlaqTa5lGLcnTeh0/9R9mPiIt2lvRGOrDgUdazeP5rD9oA==",
      "requires": {
        "@types/whatwg-url": "^8.0.0",
        "whatwg-url": "^8.4.0"
      }
    },
    "node-fetch": {
      "version": "2.6.1",
      "resolved": "https://artifactory.asia.axa-cloud.com/artifactory/api/npm/virtual_axa-sg_virtual-axa-sg-npm/node-fetch/-/node-fetch-2.6.1.tgz",
      "integrity": "sha1-BFvTI2Mfdu0uK1VXM5RBa2OaAFI="
    },
    "p-timeout": {
      "version": "4.1.0",
      "resolved": "https://artifactory.asia.axa-cloud.com/artifactory/api/npm/virtual_axa-sg_virtual-axa-sg-npm/p-timeout/-/p-timeout-4.1.0.tgz",
      "integrity": "sha1-eIJTwEUqsP/s8Ypi3/lP8b0Jygo="
    },
    "punycode": {
      "version": "2.1.1",
      "resolved": "https://registry.npmjs.org/punycode/-/punycode-2.1.1.tgz",
      "integrity": "sha512-XRsRjdf+j5ml+y/6GKHPZbrF/8p2Yga0JPtdqTIY2Xe5ohJPD9saDJJLPvp9+NSBprVvevdXZybnj2cv8OEd0A=="
    },
    "rss-parser": {
      "version": "3.12.0",
      "resolved": "https://artifactory.asia.axa-cloud.com/artifactory/api/npm/virtual_axa-sg_virtual-axa-sg-npm/rss-parser/-/rss-parser-3.12.0.tgz",
      "integrity": "sha1-uIiGmepGMEp0Nj+9gURnGymXmEw=",
      "requires": {
        "entities": "^2.0.3",
        "xml2js": "^0.4.19"
      }
    },
    "safe-compare": {
      "version": "1.1.4",
      "resolved": "https://artifactory.asia.axa-cloud.com/artifactory/api/npm/virtual_axa-sg_virtual-axa-sg-npm/safe-compare/-/safe-compare-1.1.4.tgz",
      "integrity": "sha1-XgEoU4qCgg4uklDNeORdpnhrpZM=",
      "requires": {
        "buffer-alloc": "^1.2.0"
      }
    },
    "sandwich-stream": {
      "version": "2.0.2",
      "resolved": "https://artifactory.asia.axa-cloud.com/artifactory/api/npm/virtual_axa-sg_virtual-axa-sg-npm/sandwich-stream/-/sandwich-stream-2.0.2.tgz",
      "integrity": "sha1-bR/rbPfp/p+ttBUTRZpywuhAAPo="
    },
    "saslprep": {
      "version": "1.0.3",
      "resolved": "https://registry.npmjs.org/saslprep/-/saslprep-1.0.3.tgz",
      "integrity": "sha512-/MY/PEMbk2SuY5sScONwhUDsV2p77Znkb/q3nSVstq/yQzYJOH/Azh29p9oJLsl3LnQwSvZDKagDGBsBwSooag==",
      "optional": true,
      "requires": {
        "sparse-bitfield": "^3.0.3"
      }
    },
    "sax": {
      "version": "1.2.4",
      "resolved": "https://artifactory.asia.axa-cloud.com/artifactory/api/npm/virtual_axa-sg_virtual-axa-sg-npm/sax/-/sax-1.2.4.tgz",
      "integrity": "sha1-KBYjTiN4vdxOU1T6tcqold9xANk="
    },
    "sparse-bitfield": {
      "version": "3.0.3",
      "resolved": "https://registry.npmjs.org/sparse-bitfield/-/sparse-bitfield-3.0.3.tgz",
      "integrity": "sha1-/0rm5oZWBWuks+eSqzM004JzyhE=",
      "optional": true,
      "requires": {
        "memory-pager": "^1.0.2"
      }
    },
    "telegraf": {
      "version": "4.4.0",
      "resolved": "https://artifactory.asia.axa-cloud.com/artifactory/api/npm/virtual_axa-sg_virtual-axa-sg-npm/telegraf/-/telegraf-4.4.0.tgz",
      "integrity": "sha1-qEIoZkolIGIDazKPw2S1Ziuj0i0=",
      "requires": {
        "abort-controller": "^3.0.0",
        "debug": "^4.3.1",
        "minimist": "^1.2.5",
        "module-alias": "^2.2.2",
        "node-fetch": "^2.6.1",
        "p-timeout": "^4.1.0",
        "safe-compare": "^1.1.4",
        "sandwich-stream": "^2.0.2",
        "typegram": "^3.4.0"
      },
      "dependencies": {
        "debug": {
          "version": "4.3.2",
          "resolved": "https://artifactory.asia.axa-cloud.com/artifactory/api/npm/virtual_axa-sg_virtual-axa-sg-npm/debug/-/debug-4.3.2.tgz",
          "integrity": "sha1-8KScGKyHeeMdSgxgKd+3aHPHQos=",
          "requires": {
            "ms": "2.1.2"
          }
        },
        "ms": {
          "version": "2.1.2",
          "resolved": "https://artifactory.asia.axa-cloud.com/artifactory/api/npm/virtual_axa-sg_virtual-axa-sg-npm/ms/-/ms-2.1.2.tgz",
          "integrity": "sha1-0J0fNXtEP0kzgqjrPM0YOHKuYAk="
        }
      }
    },
    "tr46": {
      "version": "2.1.0",
      "resolved": "https://registry.npmjs.org/tr46/-/tr46-2.1.0.tgz",
      "integrity": "sha512-15Ih7phfcdP5YxqiB+iDtLoaTz4Nd35+IiAv0kQ5FNKHzXgdWqPoTIqEDDJmXceQt4JZk6lVPT8lnDlPpGDppw==",
      "requires": {
        "punycode": "^2.1.1"
      }
    },
    "typegram": {
      "version": "3.4.1",
      "resolved": "https://artifactory.asia.axa-cloud.com/artifactory/api/npm/virtual_axa-sg_virtual-axa-sg-npm/typegram/-/typegram-3.4.1.tgz",
      "integrity": "sha1-B4/fsUj5p1u7vXZKIwfJgZ2ery8="
    },
    "webidl-conversions": {
      "version": "6.1.0",
      "resolved": "https://registry.npmjs.org/webidl-conversions/-/webidl-conversions-6.1.0.tgz",
      "integrity": "sha512-qBIvFLGiBpLjfwmYAaHPXsn+ho5xZnGvyGvsarywGNc8VyQJUMHJ8OBKGGrPER0okBeMDaan4mNBlgBROxuI8w=="
    },
    "whatwg-url": {
      "version": "8.7.0",
      "resolved": "https://registry.npmjs.org/whatwg-url/-/whatwg-url-8.7.0.tgz",
      "integrity": "sha512-gAojqb/m9Q8a5IV96E3fHJM70AzCkgt4uXYX2O7EmuyOnLrViCQlsEBmF9UQIu3/aeAIp2U17rtbpZWNntQqdg==",
      "requires": {
        "lodash": "^4.7.0",
        "tr46": "^2.1.0",
        "webidl-conversions": "^6.1.0"
      }
    },
    "xml2js": {
      "version": "0.4.23",
      "resolved": "https://artifactory.asia.axa-cloud.com/artifactory/api/npm/virtual_axa-sg_virtual-axa-sg-npm/xml2js/-/xml2js-0.4.23.tgz",
      "integrity": "sha1-oMaVFnUkIesqx1juTUzPWIQ+rGY=",
      "requires": {
        "sax": ">=0.6.0",
        "xmlbuilder": "~11.0.0"
      }
    },
    "xmlbuilder": {
      "version": "11.0.1",
      "resolved": "https://artifactory.asia.axa-cloud.com/artifactory/api/npm/virtual_axa-sg_virtual-axa-sg-npm/xmlbuilder/-/xmlbuilder-11.0.1.tgz",
      "integrity": "sha1-vpuuHIoEbnazESdyY0fQrXACvrM="
    }
  }
}
